
Microsoft Visual Studio Solution File, Format Version 12.00
# Visual Studio Version 17
VisualStudioVersion = 17.4.33205.214
MinimumVisualStudioVersion = 10.0.40219.1
Project("{FAE04EC0-301F-11D3-BF4B-00C04F79EFBC}") = "BillingApp", "BillingApp\BillingApp.csproj", "{061B98AF-95A4-4CA2-BDE6-9A0DBA343804}"
EndProject
Global
	GlobalSection(SolutionConfigurationPlatforms) = preSolution
		Debug|Any CPU = Debug|Any CPU
		Release|Any CPU = Release|Any CPU
	EndGlobalSection
	GlobalSection(ProjectConfigurationPlatforms) = postSolution
		{061B98AF-95A4-4CA2-BDE6-9A0DBA343804}.Debug|Any CPU.ActiveCfg = Debug|Any CPU
		{061B98AF-95A4-4CA2-BDE6-9A0DBA343804}.Debug|Any CPU.Build.0 = Debug|Any CPU
		{061B98AF-95A4-4CA2-BDE6-9A0DBA343804}.Release|Any CPU.ActiveCfg = Release|Any CPU
		{061B98AF-95A4-4CA2-BDE6-9A0DBA343804}.Release|Any CPU.Build.0 = Release|Any CPU
	EndGlobalSection
	GlobalSection(SolutionProperties) = preSolution
		HideSolutionNode = FALSE
	EndGlobalSection
	GlobalSection(ExtensibilityGlobals) = postSolution
		SolutionGuid = {B09EE610-1841-4BFD-A65B-51ED58599670}
	EndGlobalSection
EndGlobal
