Microsoft Visual Studio Solution File, Format Version 12.00
# Visual Studio Version 17
VisualStudioVersion = 17.4.33205.214
MinimumVisualStudioVersion = 10.0.40219.1
Project("{9A19103F-16F7-4668-BE54-9A1E7A4F7556}") = "BillingApp.UI", "BillingApp\BillingApp.UI.csproj", "{061B98AF-95A4-4CA2-BDE6-9A0DBA343804}"
EndProject
Project("{9A19103F-16F7-4668-BE54-9A1E7A4F7556}") = "DataAccessLayer", "DataAccessLayer\DataAccessLayer.csproj", "{69744FAC-F667-4FC0-BE9B-CAF6792B1720}"
EndProject
Project("{9A19103F-16F7-4668-BE54-9A1E7A4F7556}") = "BusinessLogicLayer", "BusinessLogicLayer\BusinessLogicLayer.csproj", "{C9189813-6908-4DED-B641-C9812AF7DFE2}"
EndProject
Global
	GlobalSection(SolutionConfigurationPlatforms) = preSolution
		Debug|Any CPU = Debug|Any CPU
		Release|Any CPU = Release|Any CPU
	EndGlobalSection
	GlobalSection(ProjectConfigurationPlatforms) = postSolution
		{061B98AF-95A4-4CA2-BDE6-9A0DBA343804}.Debug|Any CPU.ActiveCfg = Debug|Any CPU
		{061B98AF-95A4-4CA2-BDE6-9A0DBA343804}.Debug|Any CPU.Build.0 = Debug|Any CPU
		{061B98AF-95A4-4CA2-BDE6-9A0DBA343804}.Release|Any CPU.ActiveCfg = Release|Any CPU
		{061B98AF-95A4-4CA2-BDE6-9A0DBA343804}.Release|Any CPU.Build.0 = Release|Any CPU
		{69744FAC-F667-4FC0-BE9B-CAF6792B1720}.Debug|Any CPU.ActiveCfg = Debug|Any CPU
		{69744FAC-F667-4FC0-BE9B-CAF6792B1720}.Debug|Any CPU.Build.0 = Debug|Any CPU
		{69744FAC-F667-4FC0-BE9B-CAF6792B1720}.Release|Any CPU.ActiveCfg = Release|Any CPU
		{69744FAC-F667-4FC0-BE9B-CAF6792B1720}.Release|Any CPU.Build.0 = Release|Any CPU
		{C9189813-6908-4DED-B641-C9812AF7DFE2}.Debug|Any CPU.ActiveCfg = Debug|Any CPU
		{C9189813-6908-4DED-B641-C9812AF7DFE2}.Debug|Any CPU.Build.0 = Debug|Any CPU
		{C9189813-6908-4DED-B641-C9812AF7DFE2}.Release|Any CPU.ActiveCfg = Release|Any CPU
		{C9189813-6908-4DED-B641-C9812AF7DFE2}.Release|Any CPU.Build.0 = Release|Any CPU
	EndGlobalSection
	GlobalSection(SolutionProperties) = preSolution
		HideSolutionNode = FALSE
	EndGlobalSection
	GlobalSection(ExtensibilityGlobals) = postSolution
		SolutionGuid = {B09EE610-1841-4BFD-A65B-51ED58599670}
	EndGlobalSection
EndGlobal
